
Microsoft Visual Studio Solution File, Format Version 12.00
# Visual Studio Version 17
VisualStudioVersion = 17.4.33403.182
MinimumVisualStudioVersion = 10.0.40219.1
Project("{9A19103F-16F7-4668-BE54-9A1E7A4F7556}") = "Silmoon.Maui", "Silmoon.Maui\Silmoon.Maui.csproj", "{C66B6550-5DD5-49D3-BF83-733A85EBCCD0}"
EndProject
Project("{9A19103F-16F7-4668-BE54-9A1E7A4F7556}") = "Silmoon.Xamarin", "Silmoon.Xamarin\Silmoon.Xamarin.csproj", "{7B5672E7-3D47-4C55-873A-E70982FC88CC}"
EndProject
Project("{FAE04EC0-301F-11D3-BF4B-00C04F79EFBC}") = "Silmoon.Xamarin.Android", "Silmoon.Xamarin.Android\Silmoon.Xamarin.Android.csproj", "{6B4475FF-9F98-44C7-B4DD-A29C3A1F2E9B}"
EndProject
Project("{FAE04EC0-301F-11D3-BF4B-00C04F79EFBC}") = "Silmoon.Xamarin.iOS", "Silmoon.Xamarin.iOS\Silmoon.Xamarin.iOS.csproj", "{C67D09BA-2775-4589-911D-A9551F65F143}"
EndProject
Global
	GlobalSection(SolutionConfigurationPlatforms) = preSolution
		Debug|Any CPU = Debug|Any CPU
		Release|Any CPU = Release|Any CPU
	EndGlobalSection
	GlobalSection(ProjectConfigurationPlatforms) = postSolution
		{C66B6550-5DD5-49D3-BF83-733A85EBCCD0}.Debug|Any CPU.ActiveCfg = Debug|Any CPU
		{C66B6550-5DD5-49D3-BF83-733A85EBCCD0}.Debug|Any CPU.Build.0 = Debug|Any CPU
		{C66B6550-5DD5-49D3-BF83-733A85EBCCD0}.Release|Any CPU.ActiveCfg = Release|Any CPU
		{C66B6550-5DD5-49D3-BF83-733A85EBCCD0}.Release|Any CPU.Build.0 = Release|Any CPU
		{7B5672E7-3D47-4C55-873A-E70982FC88CC}.Debug|Any CPU.ActiveCfg = Debug|Any CPU
		{7B5672E7-3D47-4C55-873A-E70982FC88CC}.Debug|Any CPU.Build.0 = Debug|Any CPU
		{7B5672E7-3D47-4C55-873A-E70982FC88CC}.Release|Any CPU.ActiveCfg = Release|Any CPU
		{7B5672E7-3D47-4C55-873A-E70982FC88CC}.Release|Any CPU.Build.0 = Release|Any CPU
		{6B4475FF-9F98-44C7-B4DD-A29C3A1F2E9B}.Debug|Any CPU.ActiveCfg = Debug|Any CPU
		{6B4475FF-9F98-44C7-B4DD-A29C3A1F2E9B}.Debug|Any CPU.Build.0 = Debug|Any CPU
		{6B4475FF-9F98-44C7-B4DD-A29C3A1F2E9B}.Release|Any CPU.ActiveCfg = Release|Any CPU
		{6B4475FF-9F98-44C7-B4DD-A29C3A1F2E9B}.Release|Any CPU.Build.0 = Release|Any CPU
		{C67D09BA-2775-4589-911D-A9551F65F143}.Debug|Any CPU.ActiveCfg = Debug|Any CPU
		{C67D09BA-2775-4589-911D-A9551F65F143}.Debug|Any CPU.Build.0 = Debug|Any CPU
		{C67D09BA-2775-4589-911D-A9551F65F143}.Release|Any CPU.ActiveCfg = Release|Any CPU
		{C67D09BA-2775-4589-911D-A9551F65F143}.Release|Any CPU.Build.0 = Release|Any CPU
	EndGlobalSection
	GlobalSection(SolutionProperties) = preSolution
		HideSolutionNode = FALSE
	EndGlobalSection
	GlobalSection(ExtensibilityGlobals) = postSolution
		SolutionGuid = {E87C7406-7BE2-4484-AB2A-CCBFE5A9E286}
	EndGlobalSection
EndGlobal
